
Microsoft Visual Studio Solution File, Format Version 12.00
# Visual Studio Version 17
VisualStudioVersion = 17.2.32630.192
MinimumVisualStudioVersion = 10.0.40219.1
Project("{FAE04EC0-301F-11D3-BF4B-00C04F79EFBC}") = "Snake", "Snake\Snake.csproj", "{42B46809-C183-443C-AB32-F9564F114296}"
EndProject
Global
	GlobalSection(SolutionConfigurationPlatforms) = preSolution
		Debug|Any CPU = Debug|Any CPU
		Release|Any CPU = Release|Any CPU
	EndGlobalSection
	GlobalSection(ProjectConfigurationPlatforms) = postSolution
		{42B46809-C183-443C-AB32-F9564F114296}.Debug|Any CPU.ActiveCfg = Debug|Any CPU
		{42B46809-C183-443C-AB32-F9564F114296}.Debug|Any CPU.Build.0 = Debug|Any CPU
		{42B46809-C183-443C-AB32-F9564F114296}.Release|Any CPU.ActiveCfg = Release|Any CPU
		{42B46809-C183-443C-AB32-F9564F114296}.Release|Any CPU.Build.0 = Release|Any CPU
	EndGlobalSection
	GlobalSection(SolutionProperties) = preSolution
		HideSolutionNode = FALSE
	EndGlobalSection
	GlobalSection(ExtensibilityGlobals) = postSolution
		SolutionGuid = {A13BBC77-D6A5-4BBD-9AB7-1C5A09560BD8}
	EndGlobalSection
EndGlobal
